---
id: quantum-timelock

en: q
ja: ku
furigana: くぉんたむたいむろっく
title:
  en: Quantum Timelock
  ja: クォンタム・タイムロック
  zh: Quantum Timelock

entry:
- source: fate-extella-material
  section: encyclopedia-of-fate-extella
  order: 26
  category:
  - concept
  img: ""
  en:
    content: |-
      Spiritron record anchoring band.
      A Quantum Timelock is a metaphysical event, it calculates the average “value” of each parallel world’s events, then locks past events down. A phenomenon that separates what was, and is, from what might be.
      Our universe allows for countless possibilities and creates many parallels worlds and histories with different developments.
      The universe has a finite amount of energy to spend maintaining each parallel world. Because the universe itself would expire if these realities were to expand without limit, it conserves energy by, excising worlds, at specific intervals, that have veered too far from the strongest, most stable timelines.
      The Moon Cell has concluded that the universe we perceive of, which should be unstable, is being stabilized across the present, past, and future by this culling process and by quantum time locks.
      The easiest way to visualize the process is to envision time as a giant tree, one that would grow indefinitely if left alone. The excision process is comparable to trimming the unneeded branches and leaving only the trunk of that tree.
      History that becomes a part of the “time lock”{{n1}} will not change, even if it is affected by the past and future. The incidents that occur during a time lock will, in fact, never change, no matter what happens.
      Even if one were to go back in time before the time lock to try and change history, once one reached the time lock, history would be forcefully restored to what was already registered there.
      In a universe with quantum time locks, the outcome that is registered in an quantum time lock will not change. A time traveler can only alter the “process” by which it happens, but never the “result.”

      For example, imagine that there was a war in Britain, and that the “result” that was locked in afterwards was that Britain was destroyed.
      Even if you could manage to travel back in time and affect history so that Britain flourished, the war ended peacefully, and everyone had a happy ending… the moment that history reached the time lock, it would cause whatever “corrections” were necessary to ensure that, despite your efforts, Britain was still destroyed.
      You might be able to change the lives of one, two, or perhaps even a handful of people, but you could not change the course of the vast river of human history.
      That is the “Quantum Time Lock,” also known as the “Foundation of Human Order” in the world of magecraft.

      On the other hand, it could be possible to deny human history from its foundations by destroying a quantum time lock through some great feat. But even with that method the most that could be done is deny human history beyond the destroyed quantum time lock.

      The ones who can determine the next coming quantum time lock are those living in the era. Past and future intervention cannot affect the quantum time lock.
      Archimedes’ goal in this game is to completely destroy the Moon Cell before the next quantum time lock, leading to a base world that would start from that precondition.
      While it is normally not something that could happen, to do that Archimedes continued to shift across worlds.
      If Archimedes were to completely shut down the Moon Cell before the setting of the next quantum time lock from his subjective perspective, he would achieve victory.
      Although Archimedes emerges victorious on several occasions, he is not able to destroy the Moon Cell in any timeline.
      While Archimedes was endeavoring to bring his plans to fruition, the Main Character was able to prove proved the route of a world that was average yet with the most potential to grow, and the quantum time lock was decided.
      And just like that, Archimedes’ plans went up in smoke.
      By the way, the timeline where the Main Character entered the titan’s cavern with Archimedes and was split into several pieces (right after the start of the main story of EXTELLA) is listed as “Quantum Time Lock A,” while the True Nero route ending is “Quantum Time Lock B.”
      No matter what Archimedes does within this timeframe, the final “result” has already been determined.
    note:
      n1: "Literally “anchoring band” or “lock.”"
  ja:
    content: |-
      霊子記録固定帯。
      一定の間隔で事象の平均値を固定化するタイミングの事。
      この宇宙は無数の可能性を許容し、多くの並行世界、違う展開の歴史を生み出している。
      しかしそれを際限なく行うと宇宙の寿命が尽きてしまう為、一定のタイミングで“もっとも強く、安定性を持ったルート” から外れた特例の世界（ルート）を伐採し、エネルギーの無駄な消費を防いできた。
      本来なら不安定な我々の認識宇宙を現在　過去　未来にわたり安定させているのはこの『伐採』と『記録带』によるものとムーンセルは結論づけている。
      放っておけば無限に枝分かれしていく時間という大樹から不要な枝を伐採し、つねに「幹」だけにしていく行為───というのが一番分かりやすいイメージ。
      固定帯となった歴史は過去　未来からの干渉をうけても不動のものとなるため、固定帯にある事象は何があっても変動しない。
      仮に、「固定帯」より過去に移動して歴史を変動させようと、その「固定帯」に到達すれば歴史は強引に復元される。
      霊子記録固定帯がある宇宙において、固定帯として登録された「結果」は決して変わらない。時間移動者に変革できるのはその「過程」だけとなる。

      たとえば「ブリテンが滅んだ」という『結果』が固定された場合。
      時間移動をして「ブリテンを繁栄させ、戦争を終結させ、誰もが幸福になった」という過程を成功させたとしても、歴史が固定帯に入った瞬間に「しかし、それでもブリテンは滅びた」という結果になる。
      一人や二人、何人かの人生は救えるかしもれない。
      しかし人類史という大きなうねりを変えることは決してできない。
      これが霊子記録固定帯、魔術世界では『人理定礎』と呼ばれるもの。

      逆に言えば、何らかの大偉業によってこの『霊子記録固定帯』を破壊できれば人類史を根底から否定する事が可能となるが、その方法でも「破壊した固定帯から先の人類史だけ」を否定するのが限界である。

      次に訪れる『霊子記録固定帯』の決定ができるのは、その時代を生きた者たちだけである。
      過去　未来からの介入では『霊子記録固定帯』に手を出せない。本作におけるアルキメデスの目的は次の霊子記録固定帯が訪れる前に『ムーンセルは壊れた』という結果を作り、その前提から始まる基本世界にすることだった。
      それは本来なら起こりえない展開だが、それを起こすためにアルキメデスはシフトを繰り返した。
      アルキメデスの主観において、次の霊子記録固定帯がかかる前にムーンセルを完全停止させてしまえば彼の勝利だった。
      しかしアルキメデスが勝利する結未はいくつかあっても、ムーンセル完全停止のルートだけは辿り着けなかった。
      そうしているうちにアルキメデスより先に「平均的かつ、今後もっとも広がりを持つ世界」のルートを主人公が証明し、霊子記録固定帯が決定。
      アルキメデスの計画は水泡に帰した。
      ちなみにエクステラ本編開始時、『主人公がアルキメデスと共に巨神の石室に入り、分割された』のが霊子記録固定帯Aである。
      真ネロルートエンディングが霊子記録固定帯Bとなる。
      もうこの間の時間においては、アルキメデスが何をどうしようと「結果」は決定したという訳だ。
    note: {}
  zh:
    content: |-
      量子纪录固定带。
      意指以一定的间隔固定事象平均值的时间点。
      这个宇宙允许无限的可能性，因而产生了众多平行世界与不同发展的历史。
      但毫无极限的可能性会耗尽宇宙的寿命，所以要在一定的时间点，将脱离“最强而稳定的路线”的特例世界（路线）加以採伐，以防止能源的不当浪费。
      我们所认识的宇宙本来是不稳定的，使其在现在、过去、未来间皆趋于稳定的正是“採伐”与“纪录带”，这是Moon Cell下的结论。
      若是置之不理，名为时间的大树就会无限地开枝散叶。这样的行为就如同从中採伐不需要的枝叶，使其一直维持只有“根干”的状态——这个比喻最容易理解。
      成为固定带的历史即使受到来自过去与未来的干涉也不会改变，因此位于固定带的事象无论发生什么事都不会变动。
      假如从“固定带”移动到过去试图改变历史，只要抵达 “固定带”，历史就会硬生生恢复原状。
      在拥有量子纪录固定带的宇宙，被登录为固定带的“结果”绝对不会改变，时间移动者能变革的仅有其“过程”。

      比如说，当“不列颠毁灭”这个“结果”被固定时。
      即使进行时间移动，成功创造出“使不列颠繁荣，终结战争并带给世人幸福”的过程，在历史进入固定带的瞬间就会导回“即使如此，不列颠还是毁灭了”的结果。
      一两个人，或是数人的人生或许能被拯救。
      然而，名为人类史的巨大浪潮是绝不可能被改变的。
      这就是量子纪录固定带，被魔术世界称为“人理定础”的存在。

      反过来说，若能透过什么巨大的伟业破坏“量子纪录固定带”，便可能完全否定人类史。不过，这种方法也有极限，只能否定“毁坏固定带之前的人类史”。

      只有生于该时代的人们，能决定下个造访的“量子纪录固定带”。
      来自过去与未来的干涉无法对“量子纪录固定带”出手。
      在本作，阿基米德的目的就是在下一个“量子纪录固定带”造访之前创造出“Moon Cell损坏”的结果，从而导出以此为前提开始的基本世界。
      为了引发这种原先不可能发生的发展，阿基米德反复在世界间移动。
      在阿基米德的主观认定中，只要能在到达下个量子纪录固定带前完全停止Moon Cell，就是他的胜利。
      但即使阿基米德取得数个胜利的结局，仅有Moon Cell完全停止的路线始终无法到达。
      就在这段期间，主角先于阿基米德证明出“平均且今后拥有更宽广的世界”路线，使量子纪录固定带被决定下来。
      阿基米德的计划就此化为泡影。
      顺道一提在EXTELLA主线开始时，“主角和阿基米德共同进入巨神石室并被分割”即是量子纪录固定带A，
      而真尼禄路线结局则是量子纪录固定带B。
      在这段时间内，阿基米德无论做什么，“结果”都已经注定了。
    note: {}
